
Microsoft Visual Studio Solution File, Format Version 12.00
Project("{FAE04EC0-301F-11D3-BF4B-00C04F79EFBC}") = "ToDoAspCore", "ToDoAspCore\ToDoAspCore.csproj", "{7C5E3DBC-AD8C-4FFB-B7AB-508C0744B891}"
EndProject
Global
	GlobalSection(SolutionConfigurationPlatforms) = preSolution
		Debug|Any CPU = Debug|Any CPU
		Release|Any CPU = Release|Any CPU
	EndGlobalSection
	GlobalSection(ProjectConfigurationPlatforms) = postSolution
		{7C5E3DBC-AD8C-4FFB-B7AB-508C0744B891}.Debug|Any CPU.ActiveCfg = Debug|Any CPU
		{7C5E3DBC-AD8C-4FFB-B7AB-508C0744B891}.Debug|Any CPU.Build.0 = Debug|Any CPU
		{7C5E3DBC-AD8C-4FFB-B7AB-508C0744B891}.Release|Any CPU.ActiveCfg = Release|Any CPU
		{7C5E3DBC-AD8C-4FFB-B7AB-508C0744B891}.Release|Any CPU.Build.0 = Release|Any CPU
	EndGlobalSection
EndGlobal
