
Microsoft Visual Studio Solution File, Format Version 12.00
Project("{FAE04EC0-301F-11D3-BF4B-00C04F79EFBC}") = "FeatureHubSDK", "FeatureHubSDK\FeatureHubSDK.csproj", "{0775375C-09ED-4086-8F39-69FC5039F0DD}"
EndProject
Project("{FAE04EC0-301F-11D3-BF4B-00C04F79EFBC}") = "ConsoleAppExample", "ConsoleAppExample\ConsoleAppExample.csproj", "{258A00EC-9D1B-4180-811E-FC8E0D808E81}"
EndProject
Project("{FAE04EC0-301F-11D3-BF4B-00C04F79EFBC}") = "FeatureHubTest", "FeatureHubTest\FeatureHubTest.csproj", "{284F78BD-1C24-4ED0-8789-585095F1F40D}"
EndProject
Project("{FAE04EC0-301F-11D3-BF4B-00C04F79EFBC}") = "ToDoWebApi", "ToDoWebApi\ToDoWebApi.csproj", "{4E49A47B-42EE-4461-9FCD-C62C92400DEE}"
EndProject
Project("{FAE04EC0-301F-11D3-BF4B-00C04F79EFBC}") = "FeatureHubUsageOpenTelemetry", "FeatureHubUsageOpenTelemetry\FeatureHubUsageOpenTelemetry.csproj", "{160C82E8-A7A8-4EA6-B548-1AA2A046BF08}"
EndProject
Project("{FAE04EC0-301F-11D3-BF4B-00C04F79EFBC}") = "FeatureHubUsageOpenTelemetryTest", "FeatureHubUsageOpenTelemetryTest\FeatureHubUsageOpenTelemetryTest.csproj", "{73C5D8D5-0B07-41B8-AC99-A3B6EC4DFB0C}"
EndProject
Project("{FAE04EC0-301F-11D3-BF4B-00C04F79EFBC}") = "FeatureHubInterceptorYaml", "FeatureHubInterceptorYaml\FeatureHubInterceptorYaml.csproj", "{FC299D37-4E27-4A6A-8C49-E3514DC40D86}"
EndProject
Project("{FAE04EC0-301F-11D3-BF4B-00C04F79EFBC}") = "FeatureHubInterceptorYamlTest", "FeatureHubInterceptorYamlTest\FeatureHubInterceptorYamlTest.csproj", "{35891C49-B02F-4D6C-A1E0-ECED9A990A0F}"
EndProject
Global
	GlobalSection(SolutionConfigurationPlatforms) = preSolution
		Debug|Any CPU = Debug|Any CPU
		Debug|x64 = Debug|x64
		Debug|x86 = Debug|x86
		Release|Any CPU = Release|Any CPU
		Release|x64 = Release|x64
		Release|x86 = Release|x86
	EndGlobalSection
	GlobalSection(ProjectConfigurationPlatforms) = postSolution
		{0775375C-09ED-4086-8F39-69FC5039F0DD}.Debug|Any CPU.ActiveCfg = Debug|Any CPU
		{0775375C-09ED-4086-8F39-69FC5039F0DD}.Debug|Any CPU.Build.0 = Debug|Any CPU
		{0775375C-09ED-4086-8F39-69FC5039F0DD}.Debug|x64.ActiveCfg = Debug|Any CPU
		{0775375C-09ED-4086-8F39-69FC5039F0DD}.Debug|x64.Build.0 = Debug|Any CPU
		{0775375C-09ED-4086-8F39-69FC5039F0DD}.Debug|x86.ActiveCfg = Debug|Any CPU
		{0775375C-09ED-4086-8F39-69FC5039F0DD}.Debug|x86.Build.0 = Debug|Any CPU
		{0775375C-09ED-4086-8F39-69FC5039F0DD}.Release|Any CPU.ActiveCfg = Release|Any CPU
		{0775375C-09ED-4086-8F39-69FC5039F0DD}.Release|Any CPU.Build.0 = Release|Any CPU
		{0775375C-09ED-4086-8F39-69FC5039F0DD}.Release|x64.ActiveCfg = Release|Any CPU
		{0775375C-09ED-4086-8F39-69FC5039F0DD}.Release|x64.Build.0 = Release|Any CPU
		{0775375C-09ED-4086-8F39-69FC5039F0DD}.Release|x86.ActiveCfg = Release|Any CPU
		{0775375C-09ED-4086-8F39-69FC5039F0DD}.Release|x86.Build.0 = Release|Any CPU
		{258A00EC-9D1B-4180-811E-FC8E0D808E81}.Debug|Any CPU.ActiveCfg = Debug|Any CPU
		{258A00EC-9D1B-4180-811E-FC8E0D808E81}.Debug|Any CPU.Build.0 = Debug|Any CPU
		{258A00EC-9D1B-4180-811E-FC8E0D808E81}.Debug|x64.ActiveCfg = Debug|Any CPU
		{258A00EC-9D1B-4180-811E-FC8E0D808E81}.Debug|x64.Build.0 = Debug|Any CPU
		{258A00EC-9D1B-4180-811E-FC8E0D808E81}.Debug|x86.ActiveCfg = Debug|Any CPU
		{258A00EC-9D1B-4180-811E-FC8E0D808E81}.Debug|x86.Build.0 = Debug|Any CPU
		{258A00EC-9D1B-4180-811E-FC8E0D808E81}.Release|Any CPU.ActiveCfg = Release|Any CPU
		{258A00EC-9D1B-4180-811E-FC8E0D808E81}.Release|Any CPU.Build.0 = Release|Any CPU
		{258A00EC-9D1B-4180-811E-FC8E0D808E81}.Release|x64.ActiveCfg = Release|Any CPU
		{258A00EC-9D1B-4180-811E-FC8E0D808E81}.Release|x64.Build.0 = Release|Any CPU
		{258A00EC-9D1B-4180-811E-FC8E0D808E81}.Release|x86.ActiveCfg = Release|Any CPU
		{258A00EC-9D1B-4180-811E-FC8E0D808E81}.Release|x86.Build.0 = Release|Any CPU
		{284F78BD-1C24-4ED0-8789-585095F1F40D}.Debug|Any CPU.ActiveCfg = Debug|Any CPU
		{284F78BD-1C24-4ED0-8789-585095F1F40D}.Debug|Any CPU.Build.0 = Debug|Any CPU
		{284F78BD-1C24-4ED0-8789-585095F1F40D}.Debug|x64.ActiveCfg = Debug|Any CPU
		{284F78BD-1C24-4ED0-8789-585095F1F40D}.Debug|x64.Build.0 = Debug|Any CPU
		{284F78BD-1C24-4ED0-8789-585095F1F40D}.Debug|x86.ActiveCfg = Debug|Any CPU
		{284F78BD-1C24-4ED0-8789-585095F1F40D}.Debug|x86.Build.0 = Debug|Any CPU
		{284F78BD-1C24-4ED0-8789-585095F1F40D}.Release|Any CPU.ActiveCfg = Release|Any CPU
		{284F78BD-1C24-4ED0-8789-585095F1F40D}.Release|Any CPU.Build.0 = Release|Any CPU
		{284F78BD-1C24-4ED0-8789-585095F1F40D}.Release|x64.ActiveCfg = Release|Any CPU
		{284F78BD-1C24-4ED0-8789-585095F1F40D}.Release|x64.Build.0 = Release|Any CPU
		{284F78BD-1C24-4ED0-8789-585095F1F40D}.Release|x86.ActiveCfg = Release|Any CPU
		{284F78BD-1C24-4ED0-8789-585095F1F40D}.Release|x86.Build.0 = Release|Any CPU
		{4E49A47B-42EE-4461-9FCD-C62C92400DEE}.Debug|Any CPU.ActiveCfg = Debug|Any CPU
		{4E49A47B-42EE-4461-9FCD-C62C92400DEE}.Debug|Any CPU.Build.0 = Debug|Any CPU
		{4E49A47B-42EE-4461-9FCD-C62C92400DEE}.Debug|x64.ActiveCfg = Debug|Any CPU
		{4E49A47B-42EE-4461-9FCD-C62C92400DEE}.Debug|x64.Build.0 = Debug|Any CPU
		{4E49A47B-42EE-4461-9FCD-C62C92400DEE}.Debug|x86.ActiveCfg = Debug|Any CPU
		{4E49A47B-42EE-4461-9FCD-C62C92400DEE}.Debug|x86.Build.0 = Debug|Any CPU
		{4E49A47B-42EE-4461-9FCD-C62C92400DEE}.Release|Any CPU.ActiveCfg = Release|Any CPU
		{4E49A47B-42EE-4461-9FCD-C62C92400DEE}.Release|Any CPU.Build.0 = Release|Any CPU
		{4E49A47B-42EE-4461-9FCD-C62C92400DEE}.Release|x64.ActiveCfg = Release|Any CPU
		{4E49A47B-42EE-4461-9FCD-C62C92400DEE}.Release|x64.Build.0 = Release|Any CPU
		{4E49A47B-42EE-4461-9FCD-C62C92400DEE}.Release|x86.ActiveCfg = Release|Any CPU
		{4E49A47B-42EE-4461-9FCD-C62C92400DEE}.Release|x86.Build.0 = Release|Any CPU
		{160C82E8-A7A8-4EA6-B548-1AA2A046BF08}.Debug|Any CPU.ActiveCfg = Debug|Any CPU
		{160C82E8-A7A8-4EA6-B548-1AA2A046BF08}.Debug|Any CPU.Build.0 = Debug|Any CPU
		{160C82E8-A7A8-4EA6-B548-1AA2A046BF08}.Debug|x64.ActiveCfg = Debug|Any CPU
		{160C82E8-A7A8-4EA6-B548-1AA2A046BF08}.Debug|x64.Build.0 = Debug|Any CPU
		{160C82E8-A7A8-4EA6-B548-1AA2A046BF08}.Debug|x86.ActiveCfg = Debug|Any CPU
		{160C82E8-A7A8-4EA6-B548-1AA2A046BF08}.Debug|x86.Build.0 = Debug|Any CPU
		{160C82E8-A7A8-4EA6-B548-1AA2A046BF08}.Release|Any CPU.ActiveCfg = Release|Any CPU
		{160C82E8-A7A8-4EA6-B548-1AA2A046BF08}.Release|Any CPU.Build.0 = Release|Any CPU
		{160C82E8-A7A8-4EA6-B548-1AA2A046BF08}.Release|x64.ActiveCfg = Release|Any CPU
		{160C82E8-A7A8-4EA6-B548-1AA2A046BF08}.Release|x64.Build.0 = Release|Any CPU
		{160C82E8-A7A8-4EA6-B548-1AA2A046BF08}.Release|x86.ActiveCfg = Release|Any CPU
		{160C82E8-A7A8-4EA6-B548-1AA2A046BF08}.Release|x86.Build.0 = Release|Any CPU
		{73C5D8D5-0B07-41B8-AC99-A3B6EC4DFB0C}.Debug|Any CPU.ActiveCfg = Debug|Any CPU
		{73C5D8D5-0B07-41B8-AC99-A3B6EC4DFB0C}.Debug|Any CPU.Build.0 = Debug|Any CPU
		{73C5D8D5-0B07-41B8-AC99-A3B6EC4DFB0C}.Debug|x64.ActiveCfg = Debug|Any CPU
		{73C5D8D5-0B07-41B8-AC99-A3B6EC4DFB0C}.Debug|x64.Build.0 = Debug|Any CPU
		{73C5D8D5-0B07-41B8-AC99-A3B6EC4DFB0C}.Debug|x86.ActiveCfg = Debug|Any CPU
		{73C5D8D5-0B07-41B8-AC99-A3B6EC4DFB0C}.Debug|x86.Build.0 = Debug|Any CPU
		{73C5D8D5-0B07-41B8-AC99-A3B6EC4DFB0C}.Release|Any CPU.ActiveCfg = Release|Any CPU
		{73C5D8D5-0B07-41B8-AC99-A3B6EC4DFB0C}.Release|Any CPU.Build.0 = Release|Any CPU
		{73C5D8D5-0B07-41B8-AC99-A3B6EC4DFB0C}.Release|x64.ActiveCfg = Release|Any CPU
		{73C5D8D5-0B07-41B8-AC99-A3B6EC4DFB0C}.Release|x64.Build.0 = Release|Any CPU
		{73C5D8D5-0B07-41B8-AC99-A3B6EC4DFB0C}.Release|x86.ActiveCfg = Release|Any CPU
		{73C5D8D5-0B07-41B8-AC99-A3B6EC4DFB0C}.Release|x86.Build.0 = Release|Any CPU
		{FC299D37-4E27-4A6A-8C49-E3514DC40D86}.Debug|Any CPU.ActiveCfg = Debug|Any CPU
		{FC299D37-4E27-4A6A-8C49-E3514DC40D86}.Debug|Any CPU.Build.0 = Debug|Any CPU
		{FC299D37-4E27-4A6A-8C49-E3514DC40D86}.Debug|x64.ActiveCfg = Debug|Any CPU
		{FC299D37-4E27-4A6A-8C49-E3514DC40D86}.Debug|x64.Build.0 = Debug|Any CPU
		{FC299D37-4E27-4A6A-8C49-E3514DC40D86}.Debug|x86.ActiveCfg = Debug|Any CPU
		{FC299D37-4E27-4A6A-8C49-E3514DC40D86}.Debug|x86.Build.0 = Debug|Any CPU
		{FC299D37-4E27-4A6A-8C49-E3514DC40D86}.Release|Any CPU.ActiveCfg = Release|Any CPU
		{FC299D37-4E27-4A6A-8C49-E3514DC40D86}.Release|Any CPU.Build.0 = Release|Any CPU
		{FC299D37-4E27-4A6A-8C49-E3514DC40D86}.Release|x64.ActiveCfg = Release|Any CPU
		{FC299D37-4E27-4A6A-8C49-E3514DC40D86}.Release|x64.Build.0 = Release|Any CPU
		{FC299D37-4E27-4A6A-8C49-E3514DC40D86}.Release|x86.ActiveCfg = Release|Any CPU
		{FC299D37-4E27-4A6A-8C49-E3514DC40D86}.Release|x86.Build.0 = Release|Any CPU
		{35891C49-B02F-4D6C-A1E0-ECED9A990A0F}.Debug|Any CPU.ActiveCfg = Debug|Any CPU
		{35891C49-B02F-4D6C-A1E0-ECED9A990A0F}.Debug|Any CPU.Build.0 = Debug|Any CPU
		{35891C49-B02F-4D6C-A1E0-ECED9A990A0F}.Debug|x64.ActiveCfg = Debug|Any CPU
		{35891C49-B02F-4D6C-A1E0-ECED9A990A0F}.Debug|x64.Build.0 = Debug|Any CPU
		{35891C49-B02F-4D6C-A1E0-ECED9A990A0F}.Debug|x86.ActiveCfg = Debug|Any CPU
		{35891C49-B02F-4D6C-A1E0-ECED9A990A0F}.Debug|x86.Build.0 = Debug|Any CPU
		{35891C49-B02F-4D6C-A1E0-ECED9A990A0F}.Release|Any CPU.ActiveCfg = Release|Any CPU
		{35891C49-B02F-4D6C-A1E0-ECED9A990A0F}.Release|Any CPU.Build.0 = Release|Any CPU
		{35891C49-B02F-4D6C-A1E0-ECED9A990A0F}.Release|x64.ActiveCfg = Release|Any CPU
		{35891C49-B02F-4D6C-A1E0-ECED9A990A0F}.Release|x64.Build.0 = Release|Any CPU
		{35891C49-B02F-4D6C-A1E0-ECED9A990A0F}.Release|x86.ActiveCfg = Release|Any CPU
		{35891C49-B02F-4D6C-A1E0-ECED9A990A0F}.Release|x86.Build.0 = Release|Any CPU
	EndGlobalSection
	GlobalSection(SolutionProperties) = preSolution
		HideSolutionNode = FALSE
	EndGlobalSection
EndGlobal
