
Microsoft Visual Studio Solution File, Format Version 12.00
#
Project("{FAE04EC0-301F-11D3-BF4B-00C04F79EFBC}") = "FeatureHubSDK", "FeatureHubSDK\FeatureHubSDK.csproj", "{0775375C-09ED-4086-8F39-69FC5039F0DD}"
EndProject
Project("{FAE04EC0-301F-11D3-BF4B-00C04F79EFBC}") = "ConsoleAppExample", "ConsoleAppExample\ConsoleAppExample.csproj", "{258A00EC-9D1B-4180-811E-FC8E0D808E81}"
EndProject
Project("{FAE04EC0-301F-11D3-BF4B-00C04F79EFBC}") = "FeatureHubTest", "FeatureHubTest\FeatureHubTest.csproj", "{284F78BD-1C24-4ED0-8789-585095F1F40D}"
EndProject
Project("{FAE04EC0-301F-11D3-BF4B-00C04F79EFBC}") = "ToDoWebApi", "ToDoWebApi\ToDoWebApi.csproj", "{4E49A47B-42EE-4461-9FCD-C62C92400DEE}"
EndProject
Global
	GlobalSection(SolutionConfigurationPlatforms) = preSolution
		Debug|Any CPU = Debug|Any CPU
		Release|Any CPU = Release|Any CPU
	EndGlobalSection
	GlobalSection(ProjectConfigurationPlatforms) = postSolution
		{0775375C-09ED-4086-8F39-69FC5039F0DD}.Debug|Any CPU.ActiveCfg = Debug|Any CPU
		{0775375C-09ED-4086-8F39-69FC5039F0DD}.Debug|Any CPU.Build.0 = Debug|Any CPU
		{0775375C-09ED-4086-8F39-69FC5039F0DD}.Release|Any CPU.ActiveCfg = Release|Any CPU
		{0775375C-09ED-4086-8F39-69FC5039F0DD}.Release|Any CPU.Build.0 = Release|Any CPU
		{258A00EC-9D1B-4180-811E-FC8E0D808E81}.Debug|Any CPU.ActiveCfg = Debug|Any CPU
		{258A00EC-9D1B-4180-811E-FC8E0D808E81}.Debug|Any CPU.Build.0 = Debug|Any CPU
		{258A00EC-9D1B-4180-811E-FC8E0D808E81}.Release|Any CPU.ActiveCfg = Release|Any CPU
		{258A00EC-9D1B-4180-811E-FC8E0D808E81}.Release|Any CPU.Build.0 = Release|Any CPU
		{284F78BD-1C24-4ED0-8789-585095F1F40D}.Debug|Any CPU.ActiveCfg = Debug|Any CPU
		{284F78BD-1C24-4ED0-8789-585095F1F40D}.Debug|Any CPU.Build.0 = Debug|Any CPU
		{284F78BD-1C24-4ED0-8789-585095F1F40D}.Release|Any CPU.ActiveCfg = Release|Any CPU
		{284F78BD-1C24-4ED0-8789-585095F1F40D}.Release|Any CPU.Build.0 = Release|Any CPU
		{4E49A47B-42EE-4461-9FCD-C62C92400DEE}.Debug|Any CPU.ActiveCfg = Debug|Any CPU
		{4E49A47B-42EE-4461-9FCD-C62C92400DEE}.Debug|Any CPU.Build.0 = Debug|Any CPU
		{4E49A47B-42EE-4461-9FCD-C62C92400DEE}.Release|Any CPU.ActiveCfg = Release|Any CPU
		{4E49A47B-42EE-4461-9FCD-C62C92400DEE}.Release|Any CPU.Build.0 = Release|Any CPU
	EndGlobalSection
EndGlobal
